
Microsoft Visual Studio Solution File, Format Version 12.00
# Visual Studio 14
VisualStudioVersion = 14.0.25420.1
MinimumVisualStudioVersion = 10.0.40219.1
Project("{FAE04EC0-301F-11D3-BF4B-00C04F79EFBC}") = "EventStore.Tools.ServiceHost", "EventStore.Tools.ServiceHost\EventStore.Tools.ServiceHost.csproj", "{891AD713-09C7-4D7E-993D-2301DE58EEBF}"
EndProject
Project("{FAE04EC0-301F-11D3-BF4B-00C04F79EFBC}") = "EventStore.Tools.PluginModel", "EventStore.Tools.PluginModel\EventStore.Tools.PluginModel.csproj", "{6E901E2F-398E-4D51-AAB8-D064E927156C}"
EndProject
Global
	GlobalSection(SolutionConfigurationPlatforms) = preSolution
		Debug|Any CPU = Debug|Any CPU
		Release|Any CPU = Release|Any CPU
	EndGlobalSection
	GlobalSection(ProjectConfigurationPlatforms) = postSolution
		{891AD713-09C7-4D7E-993D-2301DE58EEBF}.Debug|Any CPU.ActiveCfg = Debug|Any CPU
		{891AD713-09C7-4D7E-993D-2301DE58EEBF}.Debug|Any CPU.Build.0 = Debug|Any CPU
		{891AD713-09C7-4D7E-993D-2301DE58EEBF}.Release|Any CPU.ActiveCfg = Release|Any CPU
		{891AD713-09C7-4D7E-993D-2301DE58EEBF}.Release|Any CPU.Build.0 = Release|Any CPU
		{6E901E2F-398E-4D51-AAB8-D064E927156C}.Debug|Any CPU.ActiveCfg = Debug|Any CPU
		{6E901E2F-398E-4D51-AAB8-D064E927156C}.Debug|Any CPU.Build.0 = Debug|Any CPU
		{6E901E2F-398E-4D51-AAB8-D064E927156C}.Release|Any CPU.ActiveCfg = Release|Any CPU
		{6E901E2F-398E-4D51-AAB8-D064E927156C}.Release|Any CPU.Build.0 = Release|Any CPU
	EndGlobalSection
	GlobalSection(SolutionProperties) = preSolution
		HideSolutionNode = FALSE
	EndGlobalSection
EndGlobal
